
Microsoft Visual Studio Solution File, Format Version 12.00
# Visual Studio Version 16
VisualStudioVersion = 16.0.30517.126
MinimumVisualStudioVersion = 10.0.40219.1
Project("{FAE04EC0-301F-11D3-BF4B-00C04F79EFBC}") = "SpySettings", "SpySettings\SpySettings.csproj", "{43B39228-61D9-4C6D-9490-6371F0107262}"
EndProject
Project("{FAE04EC0-301F-11D3-BF4B-00C04F79EFBC}") = "SpyStats", "SpyStats\SpyStats.csproj", "{BB581F13-74A3-4709-8C4C-D2469DEF26C2}"
EndProject
Project("{FAE04EC0-301F-11D3-BF4B-00C04F79EFBC}") = "SpyApp", "SpyApp\SpyApp.csproj", "{E9D56580-425C-4EBB-85AF-BEB1C548DB49}"
EndProject
Project("{FAE04EC0-301F-11D3-BF4B-00C04F79EFBC}") = "SpyAppClasses", "SpyAppClasses\SpyAppClasses.csproj", "{EFA73D99-C0B2-4F85-9412-3D5A08392DD2}"
EndProject
Project("{8BC9CEB8-8B4A-11D0-8D11-00A0C91BC942}") = "KBHOOKPROC", "KBHOOKPROC\KBHOOKPROC.vcxproj", "{AACD49D7-C957-49BC-B23A-C00691103741}"
EndProject
Global
	GlobalSection(SolutionConfigurationPlatforms) = preSolution
		Debug|Any CPU = Debug|Any CPU
		Debug|x64 = Debug|x64
		Debug|x86 = Debug|x86
		Release|Any CPU = Release|Any CPU
		Release|x64 = Release|x64
		Release|x86 = Release|x86
	EndGlobalSection
	GlobalSection(ProjectConfigurationPlatforms) = postSolution
		{43B39228-61D9-4C6D-9490-6371F0107262}.Debug|Any CPU.ActiveCfg = Debug|Any CPU
		{43B39228-61D9-4C6D-9490-6371F0107262}.Debug|Any CPU.Build.0 = Debug|Any CPU
		{43B39228-61D9-4C6D-9490-6371F0107262}.Debug|x64.ActiveCfg = Debug|Any CPU
		{43B39228-61D9-4C6D-9490-6371F0107262}.Debug|x64.Build.0 = Debug|Any CPU
		{43B39228-61D9-4C6D-9490-6371F0107262}.Debug|x86.ActiveCfg = Debug|Any CPU
		{43B39228-61D9-4C6D-9490-6371F0107262}.Debug|x86.Build.0 = Debug|Any CPU
		{43B39228-61D9-4C6D-9490-6371F0107262}.Release|Any CPU.ActiveCfg = Release|Any CPU
		{43B39228-61D9-4C6D-9490-6371F0107262}.Release|Any CPU.Build.0 = Release|Any CPU
		{43B39228-61D9-4C6D-9490-6371F0107262}.Release|x64.ActiveCfg = Release|Any CPU
		{43B39228-61D9-4C6D-9490-6371F0107262}.Release|x64.Build.0 = Release|Any CPU
		{43B39228-61D9-4C6D-9490-6371F0107262}.Release|x86.ActiveCfg = Release|Any CPU
		{43B39228-61D9-4C6D-9490-6371F0107262}.Release|x86.Build.0 = Release|Any CPU
		{BB581F13-74A3-4709-8C4C-D2469DEF26C2}.Debug|Any CPU.ActiveCfg = Debug|Any CPU
		{BB581F13-74A3-4709-8C4C-D2469DEF26C2}.Debug|Any CPU.Build.0 = Debug|Any CPU
		{BB581F13-74A3-4709-8C4C-D2469DEF26C2}.Debug|x64.ActiveCfg = Debug|Any CPU
		{BB581F13-74A3-4709-8C4C-D2469DEF26C2}.Debug|x64.Build.0 = Debug|Any CPU
		{BB581F13-74A3-4709-8C4C-D2469DEF26C2}.Debug|x86.ActiveCfg = Debug|Any CPU
		{BB581F13-74A3-4709-8C4C-D2469DEF26C2}.Debug|x86.Build.0 = Debug|Any CPU
		{BB581F13-74A3-4709-8C4C-D2469DEF26C2}.Release|Any CPU.ActiveCfg = Release|Any CPU
		{BB581F13-74A3-4709-8C4C-D2469DEF26C2}.Release|Any CPU.Build.0 = Release|Any CPU
		{BB581F13-74A3-4709-8C4C-D2469DEF26C2}.Release|x64.ActiveCfg = Release|Any CPU
		{BB581F13-74A3-4709-8C4C-D2469DEF26C2}.Release|x64.Build.0 = Release|Any CPU
		{BB581F13-74A3-4709-8C4C-D2469DEF26C2}.Release|x86.ActiveCfg = Release|Any CPU
		{BB581F13-74A3-4709-8C4C-D2469DEF26C2}.Release|x86.Build.0 = Release|Any CPU
		{E9D56580-425C-4EBB-85AF-BEB1C548DB49}.Debug|Any CPU.ActiveCfg = Debug|Any CPU
		{E9D56580-425C-4EBB-85AF-BEB1C548DB49}.Debug|Any CPU.Build.0 = Debug|Any CPU
		{E9D56580-425C-4EBB-85AF-BEB1C548DB49}.Debug|x64.ActiveCfg = Debug|Any CPU
		{E9D56580-425C-4EBB-85AF-BEB1C548DB49}.Debug|x64.Build.0 = Debug|Any CPU
		{E9D56580-425C-4EBB-85AF-BEB1C548DB49}.Debug|x86.ActiveCfg = Debug|Any CPU
		{E9D56580-425C-4EBB-85AF-BEB1C548DB49}.Debug|x86.Build.0 = Debug|Any CPU
		{E9D56580-425C-4EBB-85AF-BEB1C548DB49}.Release|Any CPU.ActiveCfg = Release|Any CPU
		{E9D56580-425C-4EBB-85AF-BEB1C548DB49}.Release|Any CPU.Build.0 = Release|Any CPU
		{E9D56580-425C-4EBB-85AF-BEB1C548DB49}.Release|x64.ActiveCfg = Release|Any CPU
		{E9D56580-425C-4EBB-85AF-BEB1C548DB49}.Release|x64.Build.0 = Release|Any CPU
		{E9D56580-425C-4EBB-85AF-BEB1C548DB49}.Release|x86.ActiveCfg = Release|Any CPU
		{E9D56580-425C-4EBB-85AF-BEB1C548DB49}.Release|x86.Build.0 = Release|Any CPU
		{EFA73D99-C0B2-4F85-9412-3D5A08392DD2}.Debug|Any CPU.ActiveCfg = Debug|Any CPU
		{EFA73D99-C0B2-4F85-9412-3D5A08392DD2}.Debug|Any CPU.Build.0 = Debug|Any CPU
		{EFA73D99-C0B2-4F85-9412-3D5A08392DD2}.Debug|x64.ActiveCfg = Debug|Any CPU
		{EFA73D99-C0B2-4F85-9412-3D5A08392DD2}.Debug|x64.Build.0 = Debug|Any CPU
		{EFA73D99-C0B2-4F85-9412-3D5A08392DD2}.Debug|x86.ActiveCfg = Debug|Any CPU
		{EFA73D99-C0B2-4F85-9412-3D5A08392DD2}.Debug|x86.Build.0 = Debug|Any CPU
		{EFA73D99-C0B2-4F85-9412-3D5A08392DD2}.Release|Any CPU.ActiveCfg = Release|Any CPU
		{EFA73D99-C0B2-4F85-9412-3D5A08392DD2}.Release|Any CPU.Build.0 = Release|Any CPU
		{EFA73D99-C0B2-4F85-9412-3D5A08392DD2}.Release|x64.ActiveCfg = Release|Any CPU
		{EFA73D99-C0B2-4F85-9412-3D5A08392DD2}.Release|x64.Build.0 = Release|Any CPU
		{EFA73D99-C0B2-4F85-9412-3D5A08392DD2}.Release|x86.ActiveCfg = Release|Any CPU
		{EFA73D99-C0B2-4F85-9412-3D5A08392DD2}.Release|x86.Build.0 = Release|Any CPU
		{AACD49D7-C957-49BC-B23A-C00691103741}.Debug|Any CPU.ActiveCfg = Debug|Win32
		{AACD49D7-C957-49BC-B23A-C00691103741}.Debug|x64.ActiveCfg = Debug|x64
		{AACD49D7-C957-49BC-B23A-C00691103741}.Debug|x64.Build.0 = Debug|x64
		{AACD49D7-C957-49BC-B23A-C00691103741}.Debug|x86.ActiveCfg = Debug|Win32
		{AACD49D7-C957-49BC-B23A-C00691103741}.Debug|x86.Build.0 = Debug|Win32
		{AACD49D7-C957-49BC-B23A-C00691103741}.Release|Any CPU.ActiveCfg = Release|Win32
		{AACD49D7-C957-49BC-B23A-C00691103741}.Release|x64.ActiveCfg = Release|x64
		{AACD49D7-C957-49BC-B23A-C00691103741}.Release|x64.Build.0 = Release|x64
		{AACD49D7-C957-49BC-B23A-C00691103741}.Release|x86.ActiveCfg = Release|Win32
		{AACD49D7-C957-49BC-B23A-C00691103741}.Release|x86.Build.0 = Release|Win32
	EndGlobalSection
	GlobalSection(SolutionProperties) = preSolution
		HideSolutionNode = FALSE
	EndGlobalSection
	GlobalSection(ExtensibilityGlobals) = postSolution
		SolutionGuid = {27E50136-A23D-4EB4-B4DF-ECC1BE2B596E}
	EndGlobalSection
EndGlobal
